
Microsoft Visual Studio Solution File, Format Version 12.00
# Visual Studio Version 17
VisualStudioVersion = 17.8.34525.116
MinimumVisualStudioVersion = 10.0.40219.1
Project("{FAE04EC0-301F-11D3-BF4B-00C04F79EFBC}") = "Ejercicio_16", "Ejercicio_16\Ejercicio_16.csproj", "{4F8AC91A-765C-4E45-A09D-F2BB603B8F8A}"
EndProject
Global
	GlobalSection(SolutionConfigurationPlatforms) = preSolution
		Debug|Any CPU = Debug|Any CPU
		Release|Any CPU = Release|Any CPU
	EndGlobalSection
	GlobalSection(ProjectConfigurationPlatforms) = postSolution
		{4F8AC91A-765C-4E45-A09D-F2BB603B8F8A}.Debug|Any CPU.ActiveCfg = Debug|Any CPU
		{4F8AC91A-765C-4E45-A09D-F2BB603B8F8A}.Debug|Any CPU.Build.0 = Debug|Any CPU
		{4F8AC91A-765C-4E45-A09D-F2BB603B8F8A}.Release|Any CPU.ActiveCfg = Release|Any CPU
		{4F8AC91A-765C-4E45-A09D-F2BB603B8F8A}.Release|Any CPU.Build.0 = Release|Any CPU
	EndGlobalSection
	GlobalSection(SolutionProperties) = preSolution
		HideSolutionNode = FALSE
	EndGlobalSection
	GlobalSection(ExtensibilityGlobals) = postSolution
		SolutionGuid = {2C848300-6BA7-4A55-8DB9-3C6D2422C90A}
	EndGlobalSection
EndGlobal
