
Microsoft Visual Studio Solution File, Format Version 12.00
# Visual Studio Version 17
VisualStudioVersion = 17.8.34525.116
MinimumVisualStudioVersion = 10.0.40219.1
Project("{FAE04EC0-301F-11D3-BF4B-00C04F79EFBC}") = "Ejercicio2_SegmentoTriangulo", "Ejercicio2_SegmentoTriangulo\Ejercicio2_SegmentoTriangulo.csproj", "{D957E9BE-CCF7-42F6-A582-F0DAA768FF01}"
EndProject
Global
	GlobalSection(SolutionConfigurationPlatforms) = preSolution
		Debug|Any CPU = Debug|Any CPU
		Release|Any CPU = Release|Any CPU
	EndGlobalSection
	GlobalSection(ProjectConfigurationPlatforms) = postSolution
		{D957E9BE-CCF7-42F6-A582-F0DAA768FF01}.Debug|Any CPU.ActiveCfg = Debug|Any CPU
		{D957E9BE-CCF7-42F6-A582-F0DAA768FF01}.Debug|Any CPU.Build.0 = Debug|Any CPU
		{D957E9BE-CCF7-42F6-A582-F0DAA768FF01}.Release|Any CPU.ActiveCfg = Release|Any CPU
		{D957E9BE-CCF7-42F6-A582-F0DAA768FF01}.Release|Any CPU.Build.0 = Release|Any CPU
	EndGlobalSection
	GlobalSection(SolutionProperties) = preSolution
		HideSolutionNode = FALSE
	EndGlobalSection
	GlobalSection(ExtensibilityGlobals) = postSolution
		SolutionGuid = {60CCD497-C6D5-4FC1-BF20-22411B6147B4}
	EndGlobalSection
EndGlobal
