
Microsoft Visual Studio Solution File, Format Version 12.00
# Visual Studio Version 17
VisualStudioVersion = 17.8.34525.116
MinimumVisualStudioVersion = 10.0.40219.1
Project("{FAE04EC0-301F-11D3-BF4B-00C04F79EFBC}") = "Ejercico_11", "Ejercico_11\Ejercico_11.csproj", "{5C697A1D-A728-4EEF-8137-AA11A95F1D8D}"
EndProject
Global
	GlobalSection(SolutionConfigurationPlatforms) = preSolution
		Debug|Any CPU = Debug|Any CPU
		Release|Any CPU = Release|Any CPU
	EndGlobalSection
	GlobalSection(ProjectConfigurationPlatforms) = postSolution
		{5C697A1D-A728-4EEF-8137-AA11A95F1D8D}.Debug|Any CPU.ActiveCfg = Debug|Any CPU
		{5C697A1D-A728-4EEF-8137-AA11A95F1D8D}.Debug|Any CPU.Build.0 = Debug|Any CPU
		{5C697A1D-A728-4EEF-8137-AA11A95F1D8D}.Release|Any CPU.ActiveCfg = Release|Any CPU
		{5C697A1D-A728-4EEF-8137-AA11A95F1D8D}.Release|Any CPU.Build.0 = Release|Any CPU
	EndGlobalSection
	GlobalSection(SolutionProperties) = preSolution
		HideSolutionNode = FALSE
	EndGlobalSection
	GlobalSection(ExtensibilityGlobals) = postSolution
		SolutionGuid = {19C47A83-C65B-41BD-A073-CA8748DCB132}
	EndGlobalSection
EndGlobal
