
Microsoft Visual Studio Solution File, Format Version 12.00
# Visual Studio Version 17
VisualStudioVersion = 17.8.34525.116
MinimumVisualStudioVersion = 10.0.40219.1
Project("{FAE04EC0-301F-11D3-BF4B-00C04F79EFBC}") = "Ejercicio_10", "Ejercicio_10\Ejercicio_10.csproj", "{93FD4CA9-A06D-4A09-AC34-FEAC03C5FAB4}"
EndProject
Global
	GlobalSection(SolutionConfigurationPlatforms) = preSolution
		Debug|Any CPU = Debug|Any CPU
		Release|Any CPU = Release|Any CPU
	EndGlobalSection
	GlobalSection(ProjectConfigurationPlatforms) = postSolution
		{93FD4CA9-A06D-4A09-AC34-FEAC03C5FAB4}.Debug|Any CPU.ActiveCfg = Debug|Any CPU
		{93FD4CA9-A06D-4A09-AC34-FEAC03C5FAB4}.Debug|Any CPU.Build.0 = Debug|Any CPU
		{93FD4CA9-A06D-4A09-AC34-FEAC03C5FAB4}.Release|Any CPU.ActiveCfg = Release|Any CPU
		{93FD4CA9-A06D-4A09-AC34-FEAC03C5FAB4}.Release|Any CPU.Build.0 = Release|Any CPU
	EndGlobalSection
	GlobalSection(SolutionProperties) = preSolution
		HideSolutionNode = FALSE
	EndGlobalSection
	GlobalSection(ExtensibilityGlobals) = postSolution
		SolutionGuid = {3D57135B-1DB2-4276-92D8-FB999B4E03CE}
	EndGlobalSection
EndGlobal
