
Microsoft Visual Studio Solution File, Format Version 12.00
# Visual Studio Version 17
VisualStudioVersion = 17.8.34525.116
MinimumVisualStudioVersion = 10.0.40219.1
Project("{FAE04EC0-301F-11D3-BF4B-00C04F79EFBC}") = "ConsoleApp1", "ConsoleApp1\ConsoleApp1.csproj", "{3562EA14-C451-4893-9D56-83BF832CF154}"
EndProject
Global
	GlobalSection(SolutionConfigurationPlatforms) = preSolution
		Debug|Any CPU = Debug|Any CPU
		Release|Any CPU = Release|Any CPU
	EndGlobalSection
	GlobalSection(ProjectConfigurationPlatforms) = postSolution
		{3562EA14-C451-4893-9D56-83BF832CF154}.Debug|Any CPU.ActiveCfg = Debug|Any CPU
		{3562EA14-C451-4893-9D56-83BF832CF154}.Debug|Any CPU.Build.0 = Debug|Any CPU
		{3562EA14-C451-4893-9D56-83BF832CF154}.Release|Any CPU.ActiveCfg = Release|Any CPU
		{3562EA14-C451-4893-9D56-83BF832CF154}.Release|Any CPU.Build.0 = Release|Any CPU
	EndGlobalSection
	GlobalSection(SolutionProperties) = preSolution
		HideSolutionNode = FALSE
	EndGlobalSection
	GlobalSection(ExtensibilityGlobals) = postSolution
		SolutionGuid = {B1992C39-81FC-4C6D-93CC-3A2674041298}
	EndGlobalSection
EndGlobal
